{
  "name": "@singleware/path",
  "version": "1.0.7",
  "lockfileVersion": 1,
  "requires": true,
  "dependencies": {
    "@singleware/class": {
      "version": "1.1.19",
      "resolved": "https://registry.npmjs.org/@singleware/class/-/class-1.1.19.tgz",
      "integrity": "sha512-WDZ+FF8Y+HCMvO3FDbl1id2AT/1GK96DQsg4ukmK3ESqudppbXXVzQe7UdaQJFpWw8yBifm+zAucUgGufXtQiQ=="
    },
    "@singleware/testing": {
      "version": "1.0.0",
      "resolved": "https://registry.npmjs.org/@singleware/testing/-/testing-1.0.0.tgz",
      "integrity": "sha512-VlCoirFqMzzlJ8wu3gV0ic7B2H0DcAUJIm6kz0hHVMeXTaQ3f0+6B5csIrfxGa0ldVGTlTArINvyF5qB9xQLFw==",
      "dev": true,
      "requires": {
        "@singleware/class": "^1.1.19"
      },
      "dependencies": {
        "@singleware/class": {
          "version": "1.1.19",
          "resolved": "https://registry.npmjs.org/@singleware/class/-/class-1.1.19.tgz",
          "integrity": "sha512-WDZ+FF8Y+HCMvO3FDbl1id2AT/1GK96DQsg4ukmK3ESqudppbXXVzQe7UdaQJFpWw8yBifm+zAucUgGufXtQiQ==",
          "dev": true
        }
      }
    },
    "@types/node": {
      "version": "11.11.5",
      "resolved": "https://registry.npmjs.org/@types/node/-/node-11.11.5.tgz",
      "integrity": "sha512-pz6wNe/XwyesgfVX7P6B0hY3TnTAYXk6KSTLdpQfbuq3be+hnMoCuFzE+yLTskPdBwmNiGRL2TAsnF09aRugvQ==",
      "dev": true
    },
    "prettier": {
      "version": "1.16.4",
      "resolved": "https://registry.npmjs.org/prettier/-/prettier-1.16.4.tgz",
      "integrity": "sha512-ZzWuos7TI5CKUeQAtFd6Zhm2s6EpAD/ZLApIhsF9pRvRtM1RFo61dM/4MSRUA0SuLugA/zgrZD8m0BaY46Og7g==",
      "dev": true
    },
    "typescript": {
      "version": "2.9.2",
      "resolved": "https://registry.npmjs.org/typescript/-/typescript-2.9.2.tgz",
      "integrity": "sha512-Gr4p6nFNaoufRIY4NMdpQRNmgxVIGMs4Fcu/ujdYk3nAZqk7supzBE9idmvfZIlH/Cuj//dvi+019qEue9lV0w==",
      "dev": true
    }
  }
}
